Microsoft Visual Studio Solution File, Format Version 12.00
# Visual Studio Version 17
VisualStudioVersion = 17.14.36310.24
MinimumVisualStudioVersion = 10.0.40219.1
Project("{E24C65DC-7377-472B-9ABA-BC803B73C61A}") = "Acumatica ERP", ".", "{407B75C1-DF84-479F-BD54-F5A5D7012034}"
	ProjectSection(WebsiteProperties) = preProject
		TargetFrameworkMoniker = ".NETFramework,Version%3Dv4.8"
		ProjectReferences = "{9BC6D61A-5D4B-4D57-BC6B-5E3F9D04377E}|SWKTechCustomization.dll;{31f17418-92ff-49d8-9afe-00bf29d8b941}|FreightCustomization.dll;{9b31ba93-a212-46a4-8579-84df0162594b}|HubspotCustomization.dll;{5350c9a5-afc4-4e2b-b7c2-1184965b4bf5}|ItemRequestCustomization.dll;{b0126ff9-0f6e-4323-b147-07f4ffbfb908}|POInventoryCustomization.dll;{03319059-95a0-4821-8dd3-a50d5d980f77}|SOtoPONotesAttachmentsCustomization.dll;{c6c88d74-5057-41b8-bafe-ca651dcbfadb}|TasksCustomization.dll;"
		Debug.AspNetCompiler.VirtualPath = "/localhost_4445"
		Debug.AspNetCompiler.PhysicalPath = "..\24-112-006\"
		Debug.AspNetCompiler.TargetPath = "PrecompiledWeb\localhost_4445\"
		Debug.AspNetCompiler.Updateable = "true"
		Debug.AspNetCompiler.ForceOverwrite = "true"
		Debug.AspNetCompiler.FixedNames = "false"
		Debug.AspNetCompiler.Debug = "True"
		Release.AspNetCompiler.VirtualPath = "/localhost_4445"
		Release.AspNetCompiler.PhysicalPath = "..\24-112-006\"
		Release.AspNetCompiler.TargetPath = "PrecompiledWeb\localhost_4445\"
		Release.AspNetCompiler.Updateable = "true"
		Release.AspNetCompiler.ForceOverwrite = "true"
		Release.AspNetCompiler.FixedNames = "false"
		Release.AspNetCompiler.Debug = "False"
		VWDPort = "4445"
		VWDDynamicPort = "false"
		SlnRelativePath = "..\24-112-006\"
	EndProjectSection
EndProject
Project("{FAE04EC0-301F-11D3-BF4B-00C04F79EFBC}") = "SWKTechCustomization", "App_Data\Projects\SWKTechCustomization\SWKTechCustomization\SWKTechCustomization.csproj", "{9BC6D61A-5D4B-4D57-BC6B-5E3F9D04377E}"
EndProject
Project("{FAE04EC0-301F-11D3-BF4B-00C04F79EFBC}") = "ItemRequestCustomization", "App_Data\Projects\ItemRequestCustomization\ItemRequestCustomization\ItemRequestCustomization.csproj", "{5350C9A5-AFC4-4E2B-B7C2-1184965B4BF5}"
EndProject
Project("{FAE04EC0-301F-11D3-BF4B-00C04F79EFBC}") = "FreightCustomization", "App_Data\Projects\FreightCustomization\FreightCustomization\FreightCustomization.csproj", "{31F17418-92FF-49D8-9AFE-00BF29D8B941}"
EndProject
Project("{FAE04EC0-301F-11D3-BF4B-00C04F79EFBC}") = "HubspotCustomization", "App_Data\Projects\HubspotCustomization\HubspotCustomization\HubspotCustomization.csproj", "{9B31BA93-A212-46A4-8579-84DF0162594B}"
EndProject
Project("{FAE04EC0-301F-11D3-BF4B-00C04F79EFBC}") = "POInventoryCustomization", "App_Data\Projects\POInventoryCustomization\POInventoryCustomization\POInventoryCustomization.csproj", "{B0126FF9-0F6E-4323-B147-07F4FFBFB908}"
EndProject
Project("{FAE04EC0-301F-11D3-BF4B-00C04F79EFBC}") = "SOtoPONotesAttachmentsCustomization", "App_Data\Projects\SOtoPONotesAttachmentsCustomization\SOtoPONotesAttachmentsCustomization\SOtoPONotesAttachmentsCustomization.csproj", "{03319059-95A0-4821-8DD3-A50D5D980F77}"
EndProject
Project("{FAE04EC0-301F-11D3-BF4B-00C04F79EFBC}") = "TasksCustomization", "App_Data\Projects\TasksCustomization\TasksCustomization\TasksCustomization.csproj", "{C6C88D74-5057-41B8-BAFE-CA651DCBFADB}"
EndProject
Global
	GlobalSection(SolutionConfigurationPlatforms) = preSolution
		Debug|Any CPU = Debug|Any CPU
	EndGlobalSection
	GlobalSection(ProjectConfigurationPlatforms) = postSolution
		{407B75C1-DF84-479F-BD54-F5A5D7012034}.Debug|Any CPU.ActiveCfg = Debug|Any CPU
		{9BC6D61A-5D4B-4D57-BC6B-5E3F9D04377E}.Debug|Any CPU.ActiveCfg = Debug|Any CPU
		{9BC6D61A-5D4B-4D57-BC6B-5E3F9D04377E}.Debug|Any CPU.Build.0 = Debug|Any CPU
		{5350C9A5-AFC4-4E2B-B7C2-1184965B4BF5}.Debug|Any CPU.ActiveCfg = Debug|Any CPU
		{5350C9A5-AFC4-4E2B-B7C2-1184965B4BF5}.Debug|Any CPU.Build.0 = Debug|Any CPU
		{31F17418-92FF-49D8-9AFE-00BF29D8B941}.Debug|Any CPU.ActiveCfg = Debug|Any CPU
		{31F17418-92FF-49D8-9AFE-00BF29D8B941}.Debug|Any CPU.Build.0 = Debug|Any CPU
		{9B31BA93-A212-46A4-8579-84DF0162594B}.Debug|Any CPU.ActiveCfg = Debug|Any CPU
		{9B31BA93-A212-46A4-8579-84DF0162594B}.Debug|Any CPU.Build.0 = Debug|Any CPU
		{B0126FF9-0F6E-4323-B147-07F4FFBFB908}.Debug|Any CPU.ActiveCfg = Debug|Any CPU
		{B0126FF9-0F6E-4323-B147-07F4FFBFB908}.Debug|Any CPU.Build.0 = Debug|Any CPU
		{03319059-95A0-4821-8DD3-A50D5D980F77}.Debug|Any CPU.ActiveCfg = Debug|Any CPU
		{03319059-95A0-4821-8DD3-A50D5D980F77}.Debug|Any CPU.Build.0 = Debug|Any CPU
		{C6C88D74-5057-41B8-BAFE-CA651DCBFADB}.Debug|Any CPU.ActiveCfg = Debug|Any CPU
		{C6C88D74-5057-41B8-BAFE-CA651DCBFADB}.Debug|Any CPU.Build.0 = Debug|Any CPU
	EndGlobalSection
	GlobalSection(SolutionProperties) = preSolution
		HideSolutionNode = FALSE
	EndGlobalSection
	GlobalSection(ExtensibilityGlobals) = postSolution
		SolutionGuid = {0ABA925E-9928-43E6-BA96-DAE06CCD122F}
	EndGlobalSection
EndGlobal
