Microsoft Visual Studio Solution File, Format Version 12.00
# Visual Studio Version 17
VisualStudioVersion = 17.14.36310.24
MinimumVisualStudioVersion = 10.0.40219.1
Project("{E24C65DC-7377-472B-9ABA-BC803B73C61A}") = "Acumatica ERP", ".", "{407B75C1-DF84-479F-BD54-F5A5D7012034}"
	ProjectSection(WebsiteProperties) = preProject
		TargetFrameworkMoniker = ".NETFramework,Version%3Dv4.8"
		ProjectReferences = "{81B1C734-5E09-48CA-9D3E-A74013A526D0}|CompiledVersion.dll;{d1230569-f37a-47ce-a406-e3d064ee40f4}|ProjectsCustomization.dll;"
		Debug.AspNetCompiler.VirtualPath = "/localhost_4445"
		Debug.AspNetCompiler.PhysicalPath = "..\24-112-006\"
		Debug.AspNetCompiler.TargetPath = "PrecompiledWeb\localhost_4445\"
		Debug.AspNetCompiler.Updateable = "true"
		Debug.AspNetCompiler.ForceOverwrite = "true"
		Debug.AspNetCompiler.FixedNames = "false"
		Debug.AspNetCompiler.Debug = "True"
		Release.AspNetCompiler.VirtualPath = "/localhost_4445"
		Release.AspNetCompiler.PhysicalPath = "..\24-112-006\"
		Release.AspNetCompiler.TargetPath = "PrecompiledWeb\localhost_4445\"
		Release.AspNetCompiler.Updateable = "true"
		Release.AspNetCompiler.ForceOverwrite = "true"
		Release.AspNetCompiler.FixedNames = "false"
		Release.AspNetCompiler.Debug = "False"
		VWDPort = "4445"
		VWDDynamicPort = "false"
		SlnRelativePath = "..\24-112-006\"
	EndProjectSection
EndProject
Project("{FAE04EC0-301F-11D3-BF4B-00C04F79EFBC}") = "SWKTechCustomization", "App_Data\Projects\SWKTechCustomization\SWKTechCustomization\SWKTechCustomization.csproj", "{9BC6D61A-5D4B-4D57-BC6B-5E3F9D04377E}"
EndProject
Project("{FAE04EC0-301F-11D3-BF4B-00C04F79EFBC}") = "ItemRequestCustomization", "App_Data\Projects\ItemRequestCustomization\ItemRequestCustomization\ItemRequestCustomization.csproj", "{5350C9A5-AFC4-4E2B-B7C2-1184965B4BF5}"
EndProject
Project("{FAE04EC0-301F-11D3-BF4B-00C04F79EFBC}") = "FreightCustomization", "App_Data\Projects\FreightCustomization\FreightCustomization\FreightCustomization.csproj", "{31F17418-92FF-49D8-9AFE-00BF29D8B941}"
EndProject
Project("{FAE04EC0-301F-11D3-BF4B-00C04F79EFBC}") = "HubspotCustomization", "App_Data\Projects\HubspotCustomization\HubspotCustomization\HubspotCustomization.csproj", "{9B31BA93-A212-46A4-8579-84DF0162594B}"
EndProject
Project("{FAE04EC0-301F-11D3-BF4B-00C04F79EFBC}") = "POInventoryCustomization", "App_Data\Projects\POInventoryCustomization\POInventoryCustomization\POInventoryCustomization.csproj", "{B0126FF9-0F6E-4323-B147-07F4FFBFB908}"
EndProject
Project("{FAE04EC0-301F-11D3-BF4B-00C04F79EFBC}") = "SOtoPONotesAttachmentsCustomization", "App_Data\Projects\SOtoPONotesAttachmentsCustomization\SOtoPONotesAttachmentsCustomization\SOtoPONotesAttachmentsCustomization.csproj", "{03319059-95A0-4821-8DD3-A50D5D980F77}"
EndProject
Project("{FAE04EC0-301F-11D3-BF4B-00C04F79EFBC}") = "TasksCustomization", "App_Data\Projects\TasksCustomization\TasksCustomization\TasksCustomization.csproj", "{C6C88D74-5057-41B8-BAFE-CA651DCBFADB}"
EndProject
Project("{FAE04EC0-301F-11D3-BF4B-00C04F79EFBC}") = "CompiledVersion24R1", "App_Data\Projects\CompiledVersion\CompiledVersion\CompiledVersion24R1.csproj", "{81B1C734-5E09-48CA-9D3E-A74013A526D0}"
EndProject
Project("{FAE04EC0-301F-11D3-BF4B-00C04F79EFBC}") = "SOW13", "App_Data\Projects\SOW13\SOW13\SOW13.csproj", "{A4F0E17C-3A8A-41F2-B8F6-079B707D2F03}"
EndProject
Project("{2150E333-8FDC-42A3-9474-1A3956D46DE8}") = "Old", "Old", "{02EA681E-C7D8-13C7-8484-4AC65E1B71E8}"
EndProject
Project("{2150E333-8FDC-42A3-9474-1A3956D46DE8}") = "Ameer", "Ameer", "{9FB5B132-8D43-4587-ADCA-BA021F30D94F}"
EndProject
Project("{FAE04EC0-301F-11D3-BF4B-00C04F79EFBC}") = "ProjectsCustomization", "App_Data\Projects\ProjectsCustomization\ProjectsCustomization\ProjectsCustomization.csproj", "{D1230569-F37A-47CE-A406-E3D064EE40F4}"
EndProject
Global
	GlobalSection(SolutionConfigurationPlatforms) = preSolution
		Debug|Any CPU = Debug|Any CPU
	EndGlobalSection
	GlobalSection(ProjectConfigurationPlatforms) = postSolution
		{407B75C1-DF84-479F-BD54-F5A5D7012034}.Debug|Any CPU.ActiveCfg = Debug|Any CPU
		{9BC6D61A-5D4B-4D57-BC6B-5E3F9D04377E}.Debug|Any CPU.ActiveCfg = Debug|Any CPU
		{5350C9A5-AFC4-4E2B-B7C2-1184965B4BF5}.Debug|Any CPU.ActiveCfg = Debug|Any CPU
		{31F17418-92FF-49D8-9AFE-00BF29D8B941}.Debug|Any CPU.ActiveCfg = Debug|Any CPU
		{9B31BA93-A212-46A4-8579-84DF0162594B}.Debug|Any CPU.ActiveCfg = Debug|Any CPU
		{B0126FF9-0F6E-4323-B147-07F4FFBFB908}.Debug|Any CPU.ActiveCfg = Debug|Any CPU
		{03319059-95A0-4821-8DD3-A50D5D980F77}.Debug|Any CPU.ActiveCfg = Debug|Any CPU
		{C6C88D74-5057-41B8-BAFE-CA651DCBFADB}.Debug|Any CPU.ActiveCfg = Debug|Any CPU
		{81B1C734-5E09-48CA-9D3E-A74013A526D0}.Debug|Any CPU.ActiveCfg = Debug|Any CPU
		{81B1C734-5E09-48CA-9D3E-A74013A526D0}.Debug|Any CPU.Build.0 = Debug|Any CPU
		{A4F0E17C-3A8A-41F2-B8F6-079B707D2F03}.Debug|Any CPU.ActiveCfg = Debug|Any CPU
		{D1230569-F37A-47CE-A406-E3D064EE40F4}.Debug|Any CPU.ActiveCfg = Debug|Any CPU
	EndGlobalSection
	GlobalSection(SolutionProperties) = preSolution
		HideSolutionNode = FALSE
	EndGlobalSection
	GlobalSection(NestedProjects) = preSolution
		{9BC6D61A-5D4B-4D57-BC6B-5E3F9D04377E} = {02EA681E-C7D8-13C7-8484-4AC65E1B71E8}
		{5350C9A5-AFC4-4E2B-B7C2-1184965B4BF5} = {02EA681E-C7D8-13C7-8484-4AC65E1B71E8}
		{31F17418-92FF-49D8-9AFE-00BF29D8B941} = {02EA681E-C7D8-13C7-8484-4AC65E1B71E8}
		{9B31BA93-A212-46A4-8579-84DF0162594B} = {02EA681E-C7D8-13C7-8484-4AC65E1B71E8}
		{B0126FF9-0F6E-4323-B147-07F4FFBFB908} = {02EA681E-C7D8-13C7-8484-4AC65E1B71E8}
		{03319059-95A0-4821-8DD3-A50D5D980F77} = {02EA681E-C7D8-13C7-8484-4AC65E1B71E8}
		{C6C88D74-5057-41B8-BAFE-CA651DCBFADB} = {02EA681E-C7D8-13C7-8484-4AC65E1B71E8}
		{A4F0E17C-3A8A-41F2-B8F6-079B707D2F03} = {02EA681E-C7D8-13C7-8484-4AC65E1B71E8}
		{D1230569-F37A-47CE-A406-E3D064EE40F4} = {9FB5B132-8D43-4587-ADCA-BA021F30D94F}
	EndGlobalSection
	GlobalSection(ExtensibilityGlobals) = postSolution
		SolutionGuid = {0ABA925E-9928-43E6-BA96-DAE06CCD122F}
	EndGlobalSection
EndGlobal
